{
  "name": "my_service",
  "version": "1.0.0",
  "lockfileVersion": 2,
  "requires": true,
  "packages": {
    "": {
      "name": "my_service",
      "version": "1.0.0",
      "license": "ISC",
      "dependencies": {
        "rng": "^1.0.0",
        "sum": "^1.0.0"
      },
      "devDependencies": {
        "@types/node": "^20.11.17",
        "typescript": "^5.3.3"
      }
    },
    "node_modules/@types/node": {
      "version": "20.11.17",
      "resolved": "http://127.0.0.1:4873/@types/node/-/node-20.11.17.tgz",
      "integrity": "sha512-QmgQZGWu1Yw9TDyAP9ZzpFJKynYNeOvwMJmaxABfieQoVoiVOS6MN1WSpqpRcbeA5+RW82kraAVxCCJg+780Qw==",
      "dev": true,
      "dependencies": {
        "undici-types": "~5.26.4"
      }
    },
    "node_modules/rng": {
      "version": "1.0.0",
      "resolved": "http://127.0.0.1:4873/rng/-/rng-1.0.0.tgz",
      "integrity": "sha512-RF0dgdpLxcCVvpQGHS8jCBc7KH+ZKbl7v2NABOXywkxZE6T1zUNESxhgXKnxrZd53jtp4+u+cIPsmmuJUCxyvA=="
    },
    "node_modules/sum": {
      "version": "1.0.0",
      "resolved": "http://127.0.0.1:4873/sum/-/sum-1.0.0.tgz",
      "integrity": "sha512-71Obh0UKWXjywJi3ZeG7AkroDQmHg2iFq/xEqpKJHmhVSGwOo30BSLZpnnWvi43A3mdewde2kWJN88mmZ4aYJw=="
    },
    "node_modules/typescript": {
      "version": "5.3.3",
      "resolved": "http://127.0.0.1:4873/typescript/-/typescript-5.3.3.tgz",
      "integrity": "sha512-pXWcraxM0uxAS+tN0AG/BF2TyqmHO014Z070UsJ+pFvYuRSq8KH8DmWpnbXe0pEPDHXZV3FcAbJkijJ5oNEnWw==",
      "dev": true,
      "bin": {
        "tsc": "bin/tsc",
        "tsserver": "bin/tsserver"
      },
      "engines": {
        "node": ">=14.17"
      }
    },
    "node_modules/undici-types": {
      "version": "5.26.5",
      "resolved": "http://127.0.0.1:4873/undici-types/-/undici-types-5.26.5.tgz",
      "integrity": "sha512-JlCMO+ehdEIKqlFxk6IfVoAUVmgz7cU7zD/h9XZ0qzeosSHmUJVOzSQvvYSYWXkFXC+IfLKSIffhv0sVZup6pA==",
      "dev": true
    }
  },
  "dependencies": {
    "@types/node": {
      "version": "20.11.17",
      "resolved": "http://127.0.0.1:4873/@types/node/-/node-20.11.17.tgz",
      "integrity": "sha512-QmgQZGWu1Yw9TDyAP9ZzpFJKynYNeOvwMJmaxABfieQoVoiVOS6MN1WSpqpRcbeA5+RW82kraAVxCCJg+780Qw==",
      "dev": true,
      "requires": {
        "undici-types": "~5.26.4"
      }
    },
    "rng": {
      "version": "1.0.0",
      "resolved": "http://127.0.0.1:4873/rng/-/rng-1.0.0.tgz",
      "integrity": "sha512-RF0dgdpLxcCVvpQGHS8jCBc7KH+ZKbl7v2NABOXywkxZE6T1zUNESxhgXKnxrZd53jtp4+u+cIPsmmuJUCxyvA=="
    },
    "sum": {
      "version": "1.0.0",
      "resolved": "http://127.0.0.1:4873/sum/-/sum-1.0.0.tgz",
      "integrity": "sha512-71Obh0UKWXjywJi3ZeG7AkroDQmHg2iFq/xEqpKJHmhVSGwOo30BSLZpnnWvi43A3mdewde2kWJN88mmZ4aYJw=="
    },
    "typescript": {
      "version": "5.3.3",
      "resolved": "http://127.0.0.1:4873/typescript/-/typescript-5.3.3.tgz",
      "integrity": "sha512-pXWcraxM0uxAS+tN0AG/BF2TyqmHO014Z070UsJ+pFvYuRSq8KH8DmWpnbXe0pEPDHXZV3FcAbJkijJ5oNEnWw==",
      "dev": true
    },
    "undici-types": {
      "version": "5.26.5",
      "resolved": "http://127.0.0.1:4873/undici-types/-/undici-types-5.26.5.tgz",
      "integrity": "sha512-JlCMO+ehdEIKqlFxk6IfVoAUVmgz7cU7zD/h9XZ0qzeosSHmUJVOzSQvvYSYWXkFXC+IfLKSIffhv0sVZup6pA==",
      "dev": true
    }
  }
}
